PODS:
  - adhara_socket_io (0.0.1):
    - Flutter
    - Socket.IO-Client-Swift
    - Starscream
  - Flutter (1.0.0)
  - integration_test (0.0.1):
    - Flutter
  - path_provider (0.0.1):
    - Flutter
  - Socket.IO-Client-Swift (13.3.1):
    - Starscream (~> 3.0.2)
  - Starscream (3.0.6)

DEPENDENCIES:
  - adhara_socket_io (from `.symlinks/plugins/adhara_socket_io/ios`)
  - Flutter (from `Flutter`)
  - integration_test (from `.symlinks/plugins/integration_test/ios`)
  - path_provider (from `.symlinks/plugins/path_provider/ios`)
  - Socket.IO-Client-Swift (~> 13.3.0)

SPEC REPOS:
  trunk:
    - Socket.IO-Client-Swift
    - Starscream

EXTERNAL SOURCES:
  adhara_socket_io:
    :path: ".symlinks/plugins/adhara_socket_io/ios"
  Flutter:
    :path: Flutter
  integration_test:
    :path: ".symlinks/plugins/integration_test/ios"
  path_provider:
    :path: ".symlinks/plugins/path_provider/ios"

SPEC CHECKSUMS:
  adhara_socket_io: 7de66d78a4631172aca030e50839b29da6b42171
  Flutter: 434fef37c0980e73bb6479ef766c45957d4b510c
  integration_test: 5ed24a436eb7ec17b6a13046e9bf7ca4a404e59e
  path_provider: abfe2b5c733d04e238b0d8691db0cfd63a27a93c
  Socket.IO-Client-Swift: 79f8f85fa44881838175a20f9bd2c32bef2c9d37
  Starscream: ef3ece99d765eeccb67de105bfa143f929026cf5

PODFILE CHECKSUM: af5a3303bd0ac47e09976fc4c174410fc1f1ab62

COCOAPODS: 1.9.3
