// !$*UTF8*$!
{
	archiveVersion = 1;
	classes = {
	};
	objectVersion = 56;
	objects = {

/* Begin PBXBuildFile section */
		6530AD312CAC79EB0082CD24 /* User.swift in Sources */ = {isa = PBXBuildFile; fileRef = 6530AD302CAC79EB0082CD24 /* User.swift */; };
		656F75122CA9BC9B00994B6E /* sandbox2App.swift in Sources */ = {isa = PBXBuildFile; fileRef = 656F75112CA9BC9B00994B6E /* sandbox2App.swift */; };
		656F75142CA9BC9B00994B6E /* ContentView.swift in Sources */ = {isa = PBXBuildFile; fileRef = 656F75132CA9BC9B00994B6E /* ContentView.swift */; };
		656F75162CA9BC9E00994B6E /* Assets.xcassets in Resources */ = {isa = PBXBuildFile; fileRef = 656F75152CA9BC9E00994B6E /* Assets.xcassets */; };
		656F75192CA9BC9E00994B6E /* Preview Assets.xcassets in Resources */ = {isa = PBXBuildFile; fileRef = 656F75182CA9BC9E00994B6E /* Preview Assets.xcassets */; };
		65A68DCA2CABEBD6006A1EC2 /* SDWebImageSwiftUI in Frameworks */ = {isa = PBXBuildFile; productRef = 65A68DC92CABEBD6006A1EC2 /* SDWebImageSwiftUI */; };
		65A68DCD2CABEC12006A1EC2 /* Home.swift in Sources */ = {isa = PBXBuildFile; fileRef = 65A68DCC2CABEC12006A1EC2 /* Home.swift */; };
/* End PBXBuildFile section */

/* Begin PBXFileReference section */
		6530AD302CAC79EB0082CD24 /* User.swift */ = {isa = PBXFileReference; lastKnownFileType = sourcecode.swift; path = User.swift; sourceTree = "<group>"; };
		656F750E2CA9BC9B00994B6E /* sandbox2.app */ = {isa = PBXFileReference; explicitFileType = wrapper.application; includeInIndex = 0; path = sandbox2.app; sourceTree = BUILT_PRODUCTS_DIR; };
		656F75112CA9BC9B00994B6E /* sandbox2App.swift */ = {isa = PBXFileReference; lastKnownFileType = sourcecode.swift; path = sandbox2App.swift; sourceTree = "<group>"; };
		656F75132CA9BC9B00994B6E /* ContentView.swift */ = {isa = PBXFileReference; lastKnownFileType = sourcecode.swift; path = ContentView.swift; sourceTree = "<group>"; };
		656F75152CA9BC9E00994B6E /* Assets.xcassets */ = {isa = PBXFileReference; lastKnownFileType = folder.assetcatalog; path = Assets.xcassets; sourceTree = "<group>"; };
		656F75182CA9BC9E00994B6E /* Preview Assets.xcassets */ = {isa = PBXFileReference; lastKnownFileType = folder.assetcatalog; path = "Preview Assets.xcassets"; sourceTree = "<group>"; };
		656F751A2CA9BC9E00994B6E /* sandbox2.entitlements */ = {isa = PBXFileReference; lastKnownFileType = text.plist.entitlements; path = sandbox2.entitlements; sourceTree = "<group>"; };
		65A68DCC2CABEC12006A1EC2 /* Home.swift */ = {isa = PBXFileReference; lastKnownFileType = sourcecode.swift; path = Home.swift; sourceTree = "<group>"; };
/* End PBXFileReference section */

/* Begin PBXFrameworksBuildPhase section */
		656F750B2CA9BC9B00994B6E /* Frameworks */ = {
			isa = PBXFrameworksBuildPhase;
			buildActionMask = 2147483647;
			files = (
				65A68DCA2CABEBD6006A1EC2 /* SDWebImageSwiftUI in Frameworks */,
			);
			runOnlyForDeploymentPostprocessing = 0;
		};
/* End PBXFrameworksBuildPhase section */

/* Begin PBXGroup section */
		6530AD2F2CAC79AB0082CD24 /* model */ = {
			isa = PBXGroup;
			children = (
				6530AD302CAC79EB0082CD24 /* User.swift */,
			);
			path = model;
			sourceTree = "<group>";
		};
		656F75052CA9BC9B00994B6E = {
			isa = PBXGroup;
			children = (
				656F75102CA9BC9B00994B6E /* sandbox2 */,
				656F750F2CA9BC9B00994B6E /* Products */,
			);
			sourceTree = "<group>";
		};
		656F750F2CA9BC9B00994B6E /* Products */ = {
			isa = PBXGroup;
			children = (
				656F750E2CA9BC9B00994B6E /* sandbox2.app */,
			);
			name = Products;
			sourceTree = "<group>";
		};
		656F75102CA9BC9B00994B6E /* sandbox2 */ = {
			isa = PBXGroup;
			children = (
				6530AD2F2CAC79AB0082CD24 /* model */,
				65A68DCB2CABEBFA006A1EC2 /* views */,
				656F75112CA9BC9B00994B6E /* sandbox2App.swift */,
				656F75132CA9BC9B00994B6E /* ContentView.swift */,
				656F75152CA9BC9E00994B6E /* Assets.xcassets */,
				656F751A2CA9BC9E00994B6E /* sandbox2.entitlements */,
				656F75172CA9BC9E00994B6E /* Preview Content */,
			);
			path = sandbox2;
			sourceTree = "<group>";
		};
		656F75172CA9BC9E00994B6E /* Preview Content */ = {
			isa = PBXGroup;
			children = (
				656F75182CA9BC9E00994B6E /* Preview Assets.xcassets */,
			);
			path = "Preview Content";
			sourceTree = "<group>";
		};
		65A68DCB2CABEBFA006A1EC2 /* views */ = {
			isa = PBXGroup;
			children = (
				65A68DCC2CABEC12006A1EC2 /* Home.swift */,
			);
			path = views;
			sourceTree = "<group>";
		};
/* End PBXGroup section */

/* Begin PBXNativeTarget section */
		656F750D2CA9BC9B00994B6E /* sandbox2 */ = {
			isa = PBXNativeTarget;
			buildConfigurationList = 656F751D2CA9BC9E00994B6E /* Build configuration list for PBXNativeTarget "sandbox2" */;
			buildPhases = (
				656F750A2CA9BC9B00994B6E /* Sources */,
				656F750B2CA9BC9B00994B6E /* Frameworks */,
				656F750C2CA9BC9B00994B6E /* Resources */,
			);
			buildRules = (
			);
			dependencies = (
			);
			name = sandbox2;
			packageProductDependencies = (
				65A68DC92CABEBD6006A1EC2 /* SDWebImageSwiftUI */,
			);
			productName = sandbox2;
			productReference = 656F750E2CA9BC9B00994B6E /* sandbox2.app */;
			productType = "com.apple.product-type.application";
		};
/* End PBXNativeTarget section */

/* Begin PBXProject section */
		656F75062CA9BC9B00994B6E /* Project object */ = {
			isa = PBXProject;
			attributes = {
				BuildIndependentTargetsInParallel = 1;
				LastSwiftUpdateCheck = 1520;
				LastUpgradeCheck = 1520;
				TargetAttributes = {
					656F750D2CA9BC9B00994B6E = {
						CreatedOnToolsVersion = 15.2;
					};
				};
			};
			buildConfigurationList = 656F75092CA9BC9B00994B6E /* Build configuration list for PBXProject "sandbox2" */;
			compatibilityVersion = "Xcode 14.0";
			developmentRegion = en;
			hasScannedForEncodings = 0;
			knownRegions = (
				en,
				Base,
			);
			mainGroup = 656F75052CA9BC9B00994B6E;
			packageReferences = (
				65A68DC82CABEBD6006A1EC2 /* XCRemoteSwiftPackageReference "SDWebImageSwiftUI" */,
			);
			productRefGroup = 656F750F2CA9BC9B00994B6E /* Products */;
			projectDirPath = "";
			projectRoot = "";
			targets = (
				656F750D2CA9BC9B00994B6E /* sandbox2 */,
			);
		};
/* End PBXProject section */

/* Begin PBXResourcesBuildPhase section */
		656F750C2CA9BC9B00994B6E /* Resources */ = {
			isa = PBXResourcesBuildPhase;
			buildActionMask = 2147483647;
			files = (
				656F75192CA9BC9E00994B6E /* Preview Assets.xcassets in Resources */,
				656F75162CA9BC9E00994B6E /* Assets.xcassets in Resources */,
			);
			runOnlyForDeploymentPostprocessing = 0;
		};
/* End PBXResourcesBuildPhase section */

/* Begin PBXSourcesBuildPhase section */
		656F750A2CA9BC9B00994B6E /* Sources */ = {
			isa = PBXSourcesBuildPhase;
			buildActionMask = 2147483647;
			files = (
				6530AD312CAC79EB0082CD24 /* User.swift in Sources */,
				656F75142CA9BC9B00994B6E /* ContentView.swift in Sources */,
				65A68DCD2CABEC12006A1EC2 /* Home.swift in Sources */,
				656F75122CA9BC9B00994B6E /* sandbox2App.swift in Sources */,
			);
			runOnlyForDeploymentPostprocessing = 0;
		};
/* End PBXSourcesBuildPhase section */

/* Begin XCBuildConfiguration section */
		656F751B2CA9BC9E00994B6E /* Debug */ = {
			isa = XCBuildConfiguration;
			buildSettings = {
				ALWAYS_SEARCH_USER_PATHS = NO;
				ASSETCATALOG_COMPILER_GENERATE_SWIFT_ASSET_SYMBOL_EXTENSIONS = YES;
				CLANG_ANALYZER_NONNULL = YES;
				CLANG_ANALYZER_NUMBER_OBJECT_CONVERSION = YES_AGGRESSIVE;
				CLANG_CXX_LANGUAGE_STANDARD = "gnu++20";
				CLANG_ENABLE_MODULES = YES;
				CLANG_ENABLE_OBJC_ARC = YES;
				CLANG_ENABLE_OBJC_WEAK = YES;
				CLANG_WARN_BLOCK_CAPTURE_AUTORELEASING = YES;
				CLANG_WARN_BOOL_CONVERSION = YES;
				CLANG_WARN_COMMA = YES;
				CLANG_WARN_CONSTANT_CONVERSION = YES;
				CLANG_WARN_DEPRECATED_OBJC_IMPLEMENTATIONS = YES;
				CLANG_WARN_DIRECT_OBJC_ISA_USAGE = YES_ERROR;
				CLANG_WARN_DOCUMENTATION_COMMENTS = YES;
				CLANG_WARN_EMPTY_BODY = YES;
				CLANG_WARN_ENUM_CONVERSION = YES;
				CLANG_WARN_INFINITE_RECURSION = YES;
				CLANG_WARN_INT_CONVERSION = YES;
				CLANG_WARN_NON_LITERAL_NULL_CONVERSION = YES;
				CLANG_WARN_OBJC_IMPLICIT_RETAIN_SELF = YES;
				CLANG_WARN_OBJC_LITERAL_CONVERSION = YES;
				CLANG_WARN_OBJC_ROOT_CLASS = YES_ERROR;
				CLANG_WARN_QUOTED_INCLUDE_IN_FRAMEWORK_HEADER = YES;
				CLANG_WARN_RANGE_LOOP_ANALYSIS = YES;
				CLANG_WARN_STRICT_PROTOTYPES = YES;
				CLANG_WARN_SUSPICIOUS_MOVE = YES;
				CLANG_WARN_UNGUARDED_AVAILABILITY = YES_AGGRESSIVE;
				CLANG_WARN_UNREACHABLE_CODE = YES;
				CLANG_WARN__DUPLICATE_METHOD_MATCH = YES;
				COPY_PHASE_STRIP = NO;
				DEBUG_INFORMATION_FORMAT = dwarf;
				ENABLE_STRICT_OBJC_MSGSEND = YES;
				ENABLE_TESTABILITY = YES;
				ENABLE_USER_SCRIPT_SANDBOXING = YES;
				GCC_C_LANGUAGE_STANDARD = gnu17;
				GCC_DYNAMIC_NO_PIC = NO;
				GCC_NO_COMMON_BLOCKS = YES;
				GCC_OPTIMIZATION_LEVEL = 0;
				GCC_PREPROCESSOR_DEFINITIONS = (
					"DEBUG=1",
					"$(inherited)",
				);
				GCC_WARN_64_TO_32_BIT_CONVERSION = YES;
				GCC_WARN_ABOUT_RETURN_TYPE = YES_ERROR;
				GCC_WARN_UNDECLARED_SELECTOR = YES;
				GCC_WARN_UNINITIALIZED_AUTOS = YES_AGGRESSIVE;
				GCC_WARN_UNUSED_FUNCTION = YES;
				GCC_WARN_UNUSED_VARIABLE = YES;
				LOCALIZATION_PREFERS_STRING_CATALOGS = YES;
				MACOSX_DEPLOYMENT_TARGET = 13.6;
				MTL_ENABLE_DEBUG_INFO = INCLUDE_SOURCE;
				MTL_FAST_MATH = YES;
				ONLY_ACTIVE_ARCH = YES;
				SDKROOT = macosx;
				SWIFT_ACTIVE_COMPILATION_CONDITIONS = "DEBUG $(inherited)";
				SWIFT_OPTIMIZATION_LEVEL = "-Onone";
			};
			name = Debug;
		};
		656F751C2CA9BC9E00994B6E /* Release */ = {
			isa = XCBuildConfiguration;
			buildSettings = {
				ALWAYS_SEARCH_USER_PATHS = NO;
				ASSETCATALOG_COMPILER_GENERATE_SWIFT_ASSET_SYMBOL_EXTENSIONS = YES;
				CLANG_ANALYZER_NONNULL = YES;
				CLANG_ANALYZER_NUMBER_OBJECT_CONVERSION = YES_AGGRESSIVE;
				CLANG_CXX_LANGUAGE_STANDARD = "gnu++20";
				CLANG_ENABLE_MODULES = YES;
				CLANG_ENABLE_OBJC_ARC = YES;
				CLANG_ENABLE_OBJC_WEAK = YES;
				CLANG_WARN_BLOCK_CAPTURE_AUTORELEASING = YES;
				CLANG_WARN_BOOL_CONVERSION = YES;
				CLANG_WARN_COMMA = YES;
				CLANG_WARN_CONSTANT_CONVERSION = YES;
				CLANG_WARN_DEPRECATED_OBJC_IMPLEMENTATIONS = YES;
				CLANG_WARN_DIRECT_OBJC_ISA_USAGE = YES_ERROR;
				CLANG_WARN_DOCUMENTATION_COMMENTS = YES;
				CLANG_WARN_EMPTY_BODY = YES;
				CLANG_WARN_ENUM_CONVERSION = YES;
				CLANG_WARN_INFINITE_RECURSION = YES;
				CLANG_WARN_INT_CONVERSION = YES;
				CLANG_WARN_NON_LITERAL_NULL_CONVERSION = YES;
				CLANG_WARN_OBJC_IMPLICIT_RETAIN_SELF = YES;
				CLANG_WARN_OBJC_LITERAL_CONVERSION = YES;
				CLANG_WARN_OBJC_ROOT_CLASS = YES_ERROR;
				CLANG_WARN_QUOTED_INCLUDE_IN_FRAMEWORK_HEADER = YES;
				CLANG_WARN_RANGE_LOOP_ANALYSIS = YES;
				CLANG_WARN_STRICT_PROTOTYPES = YES;
				CLANG_WARN_SUSPICIOUS_MOVE = YES;
				CLANG_WARN_UNGUARDED_AVAILABILITY = YES_AGGRESSIVE;
				CLANG_WARN_UNREACHABLE_CODE = YES;
				CLANG_WARN__DUPLICATE_METHOD_MATCH = YES;
				COPY_PHASE_STRIP = NO;
				DEBUG_INFORMATION_FORMAT = "dwarf-with-dsym";
				ENABLE_NS_ASSERTIONS = NO;
				ENABLE_STRICT_OBJC_MSGSEND = YES;
				ENABLE_USER_SCRIPT_SANDBOXING = YES;
				GCC_C_LANGUAGE_STANDARD = gnu17;
				GCC_NO_COMMON_BLOCKS = YES;
				GCC_WARN_64_TO_32_BIT_CONVERSION = YES;
				GCC_WARN_ABOUT_RETURN_TYPE = YES_ERROR;
				GCC_WARN_UNDECLARED_SELECTOR = YES;
				GCC_WARN_UNINITIALIZED_AUTOS = YES_AGGRESSIVE;
				GCC_WARN_UNUSED_FUNCTION = YES;
				GCC_WARN_UNUSED_VARIABLE = YES;
				LOCALIZATION_PREFERS_STRING_CATALOGS = YES;
				MACOSX_DEPLOYMENT_TARGET = 13.6;
				MTL_ENABLE_DEBUG_INFO = NO;
				MTL_FAST_MATH = YES;
				SDKROOT = macosx;
				SWIFT_COMPILATION_MODE = wholemodule;
			};
			name = Release;
		};
		656F751E2CA9BC9E00994B6E /* Debug */ = {
			isa = XCBuildConfiguration;
			buildSettings = {
				ASSETCATALOG_COMPILER_APPICON_NAME = AppIcon;
				ASSETCATALOG_COMPILER_GLOBAL_ACCENT_COLOR_NAME = AccentColor;
				CODE_SIGN_ENTITLEMENTS = sandbox2/sandbox2.entitlements;
				CODE_SIGN_STYLE = Automatic;
				COMBINE_HIDPI_IMAGES = YES;
				CURRENT_PROJECT_VERSION = 1;
				DEVELOPMENT_ASSET_PATHS = "\"sandbox2/Preview Content\"";
				DEVELOPMENT_TEAM = UUK2LMKK3C;
				ENABLE_HARDENED_RUNTIME = YES;
				ENABLE_PREVIEWS = YES;
				GENERATE_INFOPLIST_FILE = YES;
				INFOPLIST_KEY_NSHumanReadableCopyright = "";
				LD_RUNPATH_SEARCH_PATHS = (
					"$(inherited)",
					"@executable_path/../Frameworks",
				);
				MARKETING_VERSION = 1.0;
				PRODUCT_BUNDLE_IDENTIFIER = com.mitrakoff.self.sandbox2;
				PRODUCT_NAME = "$(TARGET_NAME)";
				SWIFT_EMIT_LOC_STRINGS = YES;
				SWIFT_VERSION = 5.0;
			};
			name = Debug;
		};
		656F751F2CA9BC9E00994B6E /* Release */ = {
			isa = XCBuildConfiguration;
			buildSettings = {
				ASSETCATALOG_COMPILER_APPICON_NAME = AppIcon;
				ASSETCATALOG_COMPILER_GLOBAL_ACCENT_COLOR_NAME = AccentColor;
				CODE_SIGN_ENTITLEMENTS = sandbox2/sandbox2.entitlements;
				CODE_SIGN_STYLE = Automatic;
				COMBINE_HIDPI_IMAGES = YES;
				CURRENT_PROJECT_VERSION = 1;
				DEVELOPMENT_ASSET_PATHS = "\"sandbox2/Preview Content\"";
				DEVELOPMENT_TEAM = UUK2LMKK3C;
				ENABLE_HARDENED_RUNTIME = YES;
				ENABLE_PREVIEWS = YES;
				GENERATE_INFOPLIST_FILE = YES;
				INFOPLIST_KEY_NSHumanReadableCopyright = "";
				LD_RUNPATH_SEARCH_PATHS = (
					"$(inherited)",
					"@executable_path/../Frameworks",
				);
				MARKETING_VERSION = 1.0;
				PRODUCT_BUNDLE_IDENTIFIER = com.mitrakoff.self.sandbox2;
				PRODUCT_NAME = "$(TARGET_NAME)";
				SWIFT_EMIT_LOC_STRINGS = YES;
				SWIFT_VERSION = 5.0;
			};
			name = Release;
		};
/* End XCBuildConfiguration section */

/* Begin XCConfigurationList section */
		656F75092CA9BC9B00994B6E /* Build configuration list for PBXProject "sandbox2" */ = {
			isa = XCConfigurationList;
			buildConfigurations = (
				656F751B2CA9BC9E00994B6E /* Debug */,
				656F751C2CA9BC9E00994B6E /* Release */,
			);
			defaultConfigurationIsVisible = 0;
			defaultConfigurationName = Release;
		};
		656F751D2CA9BC9E00994B6E /* Build configuration list for PBXNativeTarget "sandbox2" */ = {
			isa = XCConfigurationList;
			buildConfigurations = (
				656F751E2CA9BC9E00994B6E /* Debug */,
				656F751F2CA9BC9E00994B6E /* Release */,
			);
			defaultConfigurationIsVisible = 0;
			defaultConfigurationName = Release;
		};
/* End XCConfigurationList section */

/* Begin XCRemoteSwiftPackageReference section */
		65A68DC82CABEBD6006A1EC2 /* XCRemoteSwiftPackageReference "SDWebImageSwiftUI" */ = {
			isa = XCRemoteSwiftPackageReference;
			repositoryURL = "https://github.com/SDWebImage/SDWebImageSwiftUI";
			requirement = {
				kind = upToNextMajorVersion;
				minimumVersion = 3.1.2;
			};
		};
/* End XCRemoteSwiftPackageReference section */

/* Begin XCSwiftPackageProductDependency section */
		65A68DC92CABEBD6006A1EC2 /* SDWebImageSwiftUI */ = {
			isa = XCSwiftPackageProductDependency;
			package = 65A68DC82CABEBD6006A1EC2 /* XCRemoteSwiftPackageReference "SDWebImageSwiftUI" */;
			productName = SDWebImageSwiftUI;
		};
/* End XCSwiftPackageProductDependency section */
	};
	rootObject = 656F75062CA9BC9B00994B6E /* Project object */;
}
